{
    "aa/akeneo-fake-data-provider": {
        "version": "dev-master"
    },
    "aa/akeneo-fake-product-provider": {
        "version": "dev-master"
    },
    "aa/akeneo-import": {
        "version": "dev-master"
    },
    "aa/akeneo-import-api-command-handler": {
        "version": "dev-master"
    },
    "aa/akeneo-import-commands": {
        "version": "dev-master"
    },
    "akeneo/api-php-client": {
        "version": "dev-master"
    },
    "clue/stream-filter": {
        "version": "v1.4.0"
    },
    "enqueue/amqp-ext": {
        "version": "0.8",
        "recipe": {
            "repo": "github.com/symfony/recipes-contrib",
            "branch": "master",
            "version": "0.8",
            "ref": "b1c9aa7b70ea9be85683cf2af5c10472240bb109"
        }
    },
    "enqueue/amqp-tools": {
        "version": "0.9.x-dev"
    },
    "enqueue/dsn": {
        "version": "0.9.x-dev"
    },
    "guzzlehttp/guzzle": {
        "version": "6.3-dev"
    },
    "guzzlehttp/promises": {
        "version": "1.4-dev"
    },
    "guzzlehttp/psr7": {
        "version": "1.5-dev"
    },
    "php-http/discovery": {
        "version": "1.5-dev"
    },
    "php-http/guzzle6-adapter": {
        "version": "v1.1.1"
    },
    "php-http/httplug": {
        "version": "v1.1.0"
    },
    "php-http/message": {
        "version": "1.7.2"
    },
    "php-http/message-factory": {
        "version": "1.0-dev"
    },
    "php-http/multipart-stream-builder": {
        "version": "1.1-dev"
    },
    "php-http/promise": {
        "version": "1.0-dev"
    },
    "psr/cache": {
        "version": "1.0.x-dev"
    },
    "psr/container": {
        "version": "1.0.x-dev"
    },
    "psr/http-message": {
        "version": "1.0.x-dev"
    },
    "psr/log": {
        "version": "1.1.x-dev"
    },
    "psr/simple-cache": {
        "version": "1.0.x-dev"
    },
    "queue-interop/amqp-interop": {
        "version": "0.8.x-dev"
    },
    "queue-interop/queue-interop": {
        "version": "0.8.0"
    },
    "ralouphie/getallheaders": {
        "version": "2.0.5"
    },
    "symfony/cache": {
        "version": "4.3-dev"
    },
    "symfony/config": {
        "version": "4.3-dev"
    },
    "symfony/console": {
        "version": "3.3",
        "recipe": {
            "repo": "github.com/symfony/recipes",
            "branch": "master",
            "version": "3.3",
            "ref": "f3a28efb32f20b8740fd763651cabd780bce43da"
        }
    },
    "symfony/contracts": {
        "version": "1.0-dev"
    },
    "symfony/debug": {
        "version": "4.3-dev"
    },
    "symfony/dependency-injection": {
        "version": "4.3-dev"
    },
    "symfony/dotenv": {
        "version": "4.3-dev"
    },
    "symfony/event-dispatcher": {
        "version": "4.3-dev"
    },
    "symfony/filesystem": {
        "version": "4.3-dev"
    },
    "symfony/finder": {
        "version": "4.3-dev"
    },
    "symfony/flex": {
        "version": "1.0",
        "recipe": {
            "repo": "github.com/symfony/recipes",
            "branch": "master",
            "version": "1.0",
            "ref": "5f8a51c0fad684396f6b6c0fd770e043439cb632"
        }
    },
    "symfony/framework-bundle": {
        "version": "4.2",
        "recipe": {
            "repo": "github.com/symfony/recipes",
            "branch": "master",
            "version": "4.2",
            "ref": "f0e22c9457f6745bee80ade92c0ec2946bec9e2d"
        }
    },
    "symfony/http-foundation": {
        "version": "4.3-dev"
    },
    "symfony/http-kernel": {
        "version": "4.3-dev"
    },
    "symfony/inflector": {
        "version": "4.3-dev"
    },
    "symfony/messenger": {
        "version": "4.1",
        "recipe": {
            "repo": "github.com/symfony/recipes",
            "branch": "master",
            "version": "4.1",
            "ref": "f11dfa18618a8a5dd853ea3a302db2e0557e031c"
        }
    },
    "symfony/polyfill-ctype": {
        "version": "v1.10.0"
    },
    "symfony/polyfill-mbstring": {
        "version": "v1.10.0"
    },
    "symfony/property-access": {
        "version": "4.3-dev"
    },
    "symfony/routing": {
        "version": "4.2",
        "recipe": {
            "repo": "github.com/symfony/recipes",
            "branch": "master",
            "version": "4.2",
            "ref": "5374e24d508ba8fd6ba9eb15170255fdb778316a"
        }
    },
    "symfony/serializer": {
        "version": "4.3-dev"
    },
    "symfony/var-exporter": {
        "version": "4.3-dev"
    },
    "symfony/yaml": {
        "version": "4.3-dev"
    }
}
